
Microsoft Visual Studio Solution File, Format Version 12.00
# Visual Studio Version 16
VisualStudioVersion = 16.0.31025.194
MinimumVisualStudioVersion = 10.0.40219.1
Project("{FAE04EC0-301F-11D3-BF4B-00C04F79EFBC}") = "yazgellab2", "yazgellab2\yazgellab2.csproj", "{5488ECA9-43C7-4BB5-992C-6356D491ACCB}"
EndProject
Global
	GlobalSection(SolutionConfigurationPlatforms) = preSolution
		Debug|Any CPU = Debug|Any CPU
		Release|Any CPU = Release|Any CPU
	EndGlobalSection
	GlobalSection(ProjectConfigurationPlatforms) = postSolution
		{5488ECA9-43C7-4BB5-992C-6356D491ACCB}.Debug|Any CPU.ActiveCfg = Debug|Any CPU
		{5488ECA9-43C7-4BB5-992C-6356D491ACCB}.Debug|Any CPU.Build.0 = Debug|Any CPU
		{5488ECA9-43C7-4BB5-992C-6356D491ACCB}.Release|Any CPU.ActiveCfg = Release|Any CPU
		{5488ECA9-43C7-4BB5-992C-6356D491ACCB}.Release|Any CPU.Build.0 = Release|Any CPU
	EndGlobalSection
	GlobalSection(SolutionProperties) = preSolution
		HideSolutionNode = FALSE
	EndGlobalSection
	GlobalSection(ExtensibilityGlobals) = postSolution
		SolutionGuid = {E773E10D-2B99-4BBC-BF13-A74E54EB07E8}
	EndGlobalSection
EndGlobal
